# This file is automatically @generated by Poetry 2.1.2 and should not be changed by hand.

[[package]]
name = "lawu"
version = "3.0.0"
description = "Doing fun stuff with JVM ClassFiles."
optional = false
python-versions = ">=3.7"
groups = ["main"]
files = []
develop = false

[package.dependencies]
mutf8 = "*"

[package.extras]
cli = ["click", "rich"]
dev = ["furo", "ghp-import", "pytest", "pytest-cov", "pyyaml", "sphinx", "sphinx-click", "sphinxcontrib-googleanalytics", "twine", "wheel"]

[package.source]
type = "git"
url = "https://github.com/TkTech/lawu.git"
reference = "develop"
resolved_reference = "2540c552fa8294de9f57918a5cb6aef7081d8e8f"

[[package]]
name = "mutf8"
version = "1.0.6"
description = "Fast MUTF-8 encoder & decoder"
optional = false
python-versions = "*"
groups = ["main"]
files = [
    {file = "mutf8-1.0.6-cp36-cp36m-macosx_10_14_x86_64.whl", hash = "sha256:74ae69cd9790fa4f0f6a7b0db503c459c955b8235551baf683cb4f3f31677063"},
    {file = "mutf8-1.0.6-cp36-cp36m-manylinux_2_5_x86_64.manylinux1_x86_64.manylinux_2_17_x86_64.manylinux2014_x86_64.whl", hash = "sha256:fcf20045263ce8ebd6c47e94c9477ab0d388ed169a69ad2d8f19bcbf0b87f401"},
    {file = "mutf8-1.0.6-cp36-cp36m-win_amd64.whl", hash = "sha256:83c38555db263e369e95533d80848d8e4296e302303b72082b98c3124cba504d"},
    {file = "mutf8-1.0.6-cp37-cp37m-macosx_10_14_x86_64.whl", hash = "sha256:e09f4a19e5500699bb42074890b463b785ab9a8d95c7d793e590405f3b4b29d7"},
    {file = "mutf8-1.0.6-cp37-cp37m-manylinux_2_5_x86_64.manylinux1_x86_64.manylinux_2_17_x86_64.manylinux2014_x86_64.whl", hash = "sha256:1f4f497f20e3ea7968496c1eb1e1cb259c53ad040879e1e83ffb755a12112a04"},
    {file = "mutf8-1.0.6-cp37-cp37m-win_amd64.whl", hash = "sha256:1925f5490fabca5c34138ed6644a1a093b0d935252207a5e89664097ff14114c"},
    {file = "mutf8-1.0.6-cp38-cp38-macosx_10_14_x86_64.whl", hash = "sha256:018ceda7cdb66a1d3e9c07a71a1a35b92570fbb1230887a34ad784ff4d349981"},
    {file = "mutf8-1.0.6-cp38-cp38-manylinux_2_5_x86_64.manylinux1_x86_64.manylinux_2_17_x86_64.manylinux2014_x86_64.whl", hash = "sha256:7a67e88534a7641c513dad13f2f7913239808df4a5d0b822eda0ff9024431e0b"},
    {file = "mutf8-1.0.6-cp38-cp38-win_amd64.whl", hash = "sha256:0d1325d42806b31901a0ddd4ef199144e508fd9f6f3c75a8305d5979365b66c3"},
    {file = "mutf8-1.0.6-cp39-cp39-macosx_10_14_x86_64.whl", hash = "sha256:3207a071ead14d928213019f12b5554b179f61a16a8094ed660b755990db3652"},
    {file = "mutf8-1.0.6-cp39-cp39-manylinux_2_5_x86_64.manylinux1_x86_64.manylinux_2_17_x86_64.manylinux2014_x86_64.whl", hash = "sha256:6172b5babc0c819636830fc79ca9c3a82662ef1ee764c82c1b59fbf6ea54d82f"},
    {file = "mutf8-1.0.6-cp39-cp39-win_amd64.whl", hash = "sha256:4f7a24b55c53d508a7ecb2e8c6fe14e4fcefaa4c48100b446e73217ade7875a0"},
    {file = "mutf8-1.0.6.tar.gz", hash = "sha256:1bbbefb67c2e5a57104750bb04b0912200b57b2fa9841be245279e83859cb346"},
]

[package.extras]
test = ["pytest", "pytest-benchmark"]

[metadata]
lock-version = "2.1"
python-versions = ">=3.13"
content-hash = "eb6f3c1167ac13c139505b549bb392e751dc03163bf5039f3f1cf4869158cc5b"
